
Microsoft Visual Studio Solution File, Format Version 12.00
# Visual Studio 14
VisualStudioVersion = 14.0.23107.0
MinimumVisualStudioVersion = 10.0.40219.1
Project("{FAE04EC0-301F-11D3-BF4B-00C04F79EFBC}") = "qa.Models", "qa.Models\qa.Models.csproj", "{24218CA5-B17C-4197-92C9-DBBAB9F58663}"
EndProject
Project("{FAE04EC0-301F-11D3-BF4B-00C04F79EFBC}") = "qa.Web", "qa.Web\qa.Web.csproj", "{67B56162-62D1-47D8-8E15-79BC4DCEF088}"
EndProject
Global
	GlobalSection(SolutionConfigurationPlatforms) = preSolution
		Debug|Any CPU = Debug|Any CPU
		Release|Any CPU = Release|Any CPU
	EndGlobalSection
	GlobalSection(ProjectConfigurationPlatforms) = postSolution
		{24218CA5-B17C-4197-92C9-DBBAB9F58663}.Debug|Any CPU.ActiveCfg = Debug|Any CPU
		{24218CA5-B17C-4197-92C9-DBBAB9F58663}.Debug|Any CPU.Build.0 = Debug|Any CPU
		{24218CA5-B17C-4197-92C9-DBBAB9F58663}.Release|Any CPU.ActiveCfg = Release|Any CPU
		{24218CA5-B17C-4197-92C9-DBBAB9F58663}.Release|Any CPU.Build.0 = Release|Any CPU
		{67B56162-62D1-47D8-8E15-79BC4DCEF088}.Debug|Any CPU.ActiveCfg = Debug|Any CPU
		{67B56162-62D1-47D8-8E15-79BC4DCEF088}.Debug|Any CPU.Build.0 = Debug|Any CPU
		{67B56162-62D1-47D8-8E15-79BC4DCEF088}.Release|Any CPU.ActiveCfg = Release|Any CPU
		{67B56162-62D1-47D8-8E15-79BC4DCEF088}.Release|Any CPU.Build.0 = Release|Any CPU
	EndGlobalSection
	GlobalSection(SolutionProperties) = preSolution
		HideSolutionNode = FALSE
	EndGlobalSection
EndGlobal
